
Microsoft Visual Studio Solution File, Format Version 12.00
# Visual Studio Version 17
VisualStudioVersion = 17.10.35013.160
MinimumVisualStudioVersion = 10.0.40219.1
Project("{FAE04EC0-301F-11D3-BF4B-00C04F79EFBC}") = "RustyLake_Untold", "RustyLake_Untold.csproj", "{DE495BCE-60C6-4803-AC27-42A1BEFDA6FD}"
EndProject
Global
	GlobalSection(SolutionConfigurationPlatforms) = preSolution
		Debug|Any CPU = Debug|Any CPU
		Release|Any CPU = Release|Any CPU
	EndGlobalSection
	GlobalSection(ProjectConfigurationPlatforms) = postSolution
		{DE495BCE-60C6-4803-AC27-42A1BEFDA6FD}.Debug|Any CPU.ActiveCfg = Debug|Any CPU
		{DE495BCE-60C6-4803-AC27-42A1BEFDA6FD}.Debug|Any CPU.Build.0 = Debug|Any CPU
		{DE495BCE-60C6-4803-AC27-42A1BEFDA6FD}.Release|Any CPU.ActiveCfg = Release|Any CPU
		{DE495BCE-60C6-4803-AC27-42A1BEFDA6FD}.Release|Any CPU.Build.0 = Release|Any CPU
	EndGlobalSection
	GlobalSection(SolutionProperties) = preSolution
		HideSolutionNode = FALSE
	EndGlobalSection
	GlobalSection(ExtensibilityGlobals) = postSolution
		SolutionGuid = {CDE43F9D-2828-4A38-8F6C-D2E795C997E1}
	EndGlobalSection
EndGlobal
